
Microsoft Visual Studio Solution File, Format Version 12.00
# Visual Studio Version 17
VisualStudioVersion = 17.7.34031.279
MinimumVisualStudioVersion = 10.0.40219.1
Project("{FAE04EC0-301F-11D3-BF4B-00C04F79EFBC}") = "project_nsbm", "project_nsbm\project_nsbm.csproj", "{F9815F24-DC83-4BFA-BAF1-40D1ACE9640F}"
EndProject
Global
	GlobalSection(SolutionConfigurationPlatforms) = preSolution
		Debug|Any CPU = Debug|Any CPU
		Release|Any CPU = Release|Any CPU
	EndGlobalSection
	GlobalSection(ProjectConfigurationPlatforms) = postSolution
		{F9815F24-DC83-4BFA-BAF1-40D1ACE9640F}.Debug|Any CPU.ActiveCfg = Debug|Any CPU
		{F9815F24-DC83-4BFA-BAF1-40D1ACE9640F}.Debug|Any CPU.Build.0 = Debug|Any CPU
		{F9815F24-DC83-4BFA-BAF1-40D1ACE9640F}.Release|Any CPU.ActiveCfg = Release|Any CPU
		{F9815F24-DC83-4BFA-BAF1-40D1ACE9640F}.Release|Any CPU.Build.0 = Release|Any CPU
	EndGlobalSection
	GlobalSection(SolutionProperties) = preSolution
		HideSolutionNode = FALSE
	EndGlobalSection
	GlobalSection(ExtensibilityGlobals) = postSolution
		SolutionGuid = {405E2F45-FDDF-429C-8D0B-396B7CA18515}
	EndGlobalSection
EndGlobal
